
Microsoft Visual Studio Solution File, Format Version 12.00
# Visual Studio Version 17
VisualStudioVersion = 17.12.35707.178 d17.12
MinimumVisualStudioVersion = 10.0.40219.1
Project("{FAE04EC0-301F-11D3-BF4B-00C04F79EFBC}") = "Aula-03", "Aula-03.csproj", "{D5AE959F-0E81-4896-B08D-5FE0C51CDE0F}"
EndProject
Global
	GlobalSection(SolutionConfigurationPlatforms) = preSolution
		Debug|Any CPU = Debug|Any CPU
		Release|Any CPU = Release|Any CPU
	EndGlobalSection
	GlobalSection(ProjectConfigurationPlatforms) = postSolution
		{D5AE959F-0E81-4896-B08D-5FE0C51CDE0F}.Debug|Any CPU.ActiveCfg = Debug|Any CPU
		{D5AE959F-0E81-4896-B08D-5FE0C51CDE0F}.Debug|Any CPU.Build.0 = Debug|Any CPU
		{D5AE959F-0E81-4896-B08D-5FE0C51CDE0F}.Release|Any CPU.ActiveCfg = Release|Any CPU
		{D5AE959F-0E81-4896-B08D-5FE0C51CDE0F}.Release|Any CPU.Build.0 = Release|Any CPU
	EndGlobalSection
	GlobalSection(SolutionProperties) = preSolution
		HideSolutionNode = FALSE
	EndGlobalSection
EndGlobal
